
Microsoft Visual Studio Solution File, Format Version 12.00
# Visual Studio 2012
Project("{2150E333-8FDC-42A3-9474-1A3956D46DE8}") = "Business", "Business", "{94D49BA7-4990-4091-AD95-61E18EFBD0B9}"
EndProject
Project("{FAE04EC0-301F-11D3-BF4B-00C04F79EFBC}") = "Orkidea.SchoolPanel.Business", "Orkidea.SchoolPanel.Business\Orkidea.SchoolPanel.Business.csproj", "{90F56B70-09D0-4D2E-8145-F623599ECB69}"
EndProject
Project("{2150E333-8FDC-42A3-9474-1A3956D46DE8}") = "DataManagement", "DataManagement", "{50576CC2-59F4-4A43-9FC1-B0919B2BFDF7}"
EndProject
Project("{FAE04EC0-301F-11D3-BF4B-00C04F79EFBC}") = "Orkidea.SchoolPanel.DataAccessEF", "Orkidea.SchoolPanel.DataAccessEF\Orkidea.SchoolPanel.DataAccessEF.csproj", "{29D5BD37-A420-42FA-AECE-295B04F91739}"
EndProject
Project("{FAE04EC0-301F-11D3-BF4B-00C04F79EFBC}") = "Orkidea.SchoolPanel.Entities", "Orkidea.SchoolPanel.Entities\Orkidea.SchoolPanel.Entities.csproj", "{1A283E58-8E4F-4866-B7D7-9C1FC4B23AD2}"
EndProject
Project("{FAE04EC0-301F-11D3-BF4B-00C04F79EFBC}") = "Orkidea.SchoolPanel.Utilities", "Orkidea.SchoolPanel.Utilities\Orkidea.SchoolPanel.Utilities.csproj", "{2F83EB7E-9192-45D7-8C07-C984E13CB1C9}"
EndProject
Project("{2150E333-8FDC-42A3-9474-1A3956D46DE8}") = "UI", "UI", "{9AEE47F5-A10C-4C51-BAB2-D7864054A5C9}"
EndProject
Project("{FAE04EC0-301F-11D3-BF4B-00C04F79EFBC}") = "Orkidea.SchoolPanel.WebFront", "Orkidea.SchoolPanel.WebFront\Orkidea.SchoolPanel.WebFront.csproj", "{122F5688-4315-4AF9-88EC-7B5452085679}"
EndProject
Global
	GlobalSection(SolutionConfigurationPlatforms) = preSolution
		Debug|Any CPU = Debug|Any CPU
		Release|Any CPU = Release|Any CPU
	EndGlobalSection
	GlobalSection(ProjectConfigurationPlatforms) = postSolution
		{90F56B70-09D0-4D2E-8145-F623599ECB69}.Debug|Any CPU.ActiveCfg = Debug|Any CPU
		{90F56B70-09D0-4D2E-8145-F623599ECB69}.Debug|Any CPU.Build.0 = Debug|Any CPU
		{90F56B70-09D0-4D2E-8145-F623599ECB69}.Release|Any CPU.ActiveCfg = Release|Any CPU
		{90F56B70-09D0-4D2E-8145-F623599ECB69}.Release|Any CPU.Build.0 = Release|Any CPU
		{29D5BD37-A420-42FA-AECE-295B04F91739}.Debug|Any CPU.ActiveCfg = Debug|Any CPU
		{29D5BD37-A420-42FA-AECE-295B04F91739}.Release|Any CPU.ActiveCfg = Release|Any CPU
		{29D5BD37-A420-42FA-AECE-295B04F91739}.Release|Any CPU.Build.0 = Release|Any CPU
		{1A283E58-8E4F-4866-B7D7-9C1FC4B23AD2}.Debug|Any CPU.ActiveCfg = Debug|Any CPU
		{1A283E58-8E4F-4866-B7D7-9C1FC4B23AD2}.Release|Any CPU.ActiveCfg = Release|Any CPU
		{1A283E58-8E4F-4866-B7D7-9C1FC4B23AD2}.Release|Any CPU.Build.0 = Release|Any CPU
		{2F83EB7E-9192-45D7-8C07-C984E13CB1C9}.Debug|Any CPU.ActiveCfg = Debug|Any CPU
		{2F83EB7E-9192-45D7-8C07-C984E13CB1C9}.Release|Any CPU.ActiveCfg = Release|Any CPU
		{2F83EB7E-9192-45D7-8C07-C984E13CB1C9}.Release|Any CPU.Build.0 = Release|Any CPU
		{122F5688-4315-4AF9-88EC-7B5452085679}.Debug|Any CPU.ActiveCfg = Debug|Any CPU
		{122F5688-4315-4AF9-88EC-7B5452085679}.Debug|Any CPU.Build.0 = Debug|Any CPU
		{122F5688-4315-4AF9-88EC-7B5452085679}.Release|Any CPU.ActiveCfg = Release|Any CPU
		{122F5688-4315-4AF9-88EC-7B5452085679}.Release|Any CPU.Build.0 = Release|Any CPU
	EndGlobalSection
	GlobalSection(SolutionProperties) = preSolution
		HideSolutionNode = FALSE
	EndGlobalSection
	GlobalSection(NestedProjects) = preSolution
		{90F56B70-09D0-4D2E-8145-F623599ECB69} = {94D49BA7-4990-4091-AD95-61E18EFBD0B9}
		{2F83EB7E-9192-45D7-8C07-C984E13CB1C9} = {94D49BA7-4990-4091-AD95-61E18EFBD0B9}
		{29D5BD37-A420-42FA-AECE-295B04F91739} = {50576CC2-59F4-4A43-9FC1-B0919B2BFDF7}
		{1A283E58-8E4F-4866-B7D7-9C1FC4B23AD2} = {50576CC2-59F4-4A43-9FC1-B0919B2BFDF7}
		{122F5688-4315-4AF9-88EC-7B5452085679} = {9AEE47F5-A10C-4C51-BAB2-D7864054A5C9}
	EndGlobalSection
EndGlobal
